<?xml version="1.0" encoding="utf-8"?>
<Project ToolsVersion="4.0" xmlns="http://schemas.microsoft.com/developer/msbuild/2003">
  <ItemGroup>
    <Filter Include="RadiantEcho">
      <UniqueIdentifier>{C7667CC6-331C-F5BB-BC10-EF9228C5EBBF}</UniqueIdentifier>
    </Filter>
  </ItemGroup>
  <ItemGroup>
    <ClInclude Include="src\RadiantEcho.h" />
    <ClInclude Include="src\RadiantEcho\Application.h">
      <Filter>RadiantEcho</Filter>
    </ClInclude>
    <ClInclude Include="src\RadiantEcho\Core.h">
      <Filter>RadiantEcho</Filter>
    </ClInclude>
    <ClInclude Include="src\RadiantEcho\EntryPoint.h">
      <Filter>RadiantEcho</Filter>
    </ClInclude>
    <ClInclude Include="src\RadiantEcho\Log.h">
      <Filter>RadiantEcho</Filter>
    </ClInclude>
  </ItemGroup>
  <ItemGroup>
    <ClCompile Include="src\RadiantEcho\Application.cpp">
      <Filter>RadiantEcho</Filter>
    </ClCompile>
    <ClCompile Include="src\RadiantEcho\Log.cpp">
      <Filter>RadiantEcho</Filter>
    </ClCompile>
  </ItemGroup>
</Project>